// !$*UTF8*$!
{
	archiveVersion = 1;
	classes = {
	};
	objectVersion = 77;
	objects = {

/* Begin PBXBuildFile section */
		80AF4D13305AF2F8008EAD01 /* Swift.gitignore in Resources */ = {isa = PBXBuildFile; fileRef = 80AF4D12305AF2F8008EAD01 /* Swift.gitignore */; };
		80FB3423305B3290002EC05F /* AlbertSans-Italic-VariableFont_wght.ttf in Resources */ = {isa = PBXBuildFile; fileRef = 80FB3421305B3290002EC05F /* AlbertSans-Italic-VariableFont_wght.ttf */; };
		80FB3424305B3290002EC05F /* AlbertSans-VariableFont_wght.ttf in Resources */ = {isa = PBXBuildFile; fileRef = 80FB3422305B3290002EC05F /* AlbertSans-VariableFont_wght.ttf */; };
		80FB3427305B32A4002EC05F /* ElmsSans-VariableFont_wght.ttf in Resources */ = {isa = PBXBuildFile; fileRef = 80FB3426305B32A4002EC05F /* ElmsSans-VariableFont_wght.ttf */; };
		80FB3428305B32A4002EC05F /* ElmsSans-Italic-VariableFont_wght.ttf in Resources */ = {isa = PBXBuildFile; fileRef = 80FB3425305B32A4002EC05F /* ElmsSans-Italic-VariableFont_wght.ttf */; };
		80FB3474305B4AD1002EC05F /* Fraunces_72pt-Regular.ttf in Resources */ = {isa = PBXBuildFile; fileRef = 80FB346E305B4AD1002EC05F /* Fraunces_72pt-Regular.ttf */; };
		80FB3475305B4AD1002EC05F /* Fraunces_72pt-Italic.ttf in Resources */ = {isa = PBXBuildFile; fileRef = 80FB346B305B4AD1002EC05F /* Fraunces_72pt-Italic.ttf */; };
		80FB3476305B4AD1002EC05F /* Fraunces_72pt_SuperSoft-SemiBoldItalic.ttf in Resources */ = {isa = PBXBuildFile; fileRef = 80FB3464305B4AD1002EC05F /* Fraunces_72pt_SuperSoft-SemiBoldItalic.ttf */; };
		80FB3477305B4AD1002EC05F /* Fraunces_72pt_Soft-Regular.ttf in Resources */ = {isa = PBXBuildFile; fileRef = 80FB3456305B4AD1002EC05F /* Fraunces_72pt_Soft-Regular.ttf */; };
		80FB3478305B4AD1002EC05F /* Fraunces_72pt_SuperSoft-LightItalic.ttf in Resources */ = {isa = PBXBuildFile; fileRef = 80FB3461305B4AD1002EC05F /* Fraunces_72pt_SuperSoft-LightItalic.ttf */; };
		80FB3479305B4AD1002EC05F /* Fraunces_72pt_SuperSoft-Black.ttf in Resources */ = {isa = PBXBuildFile; fileRef = 80FB345B305B4AD1002EC05F /* Fraunces_72pt_SuperSoft-Black.ttf */; };
		80FB347A305B4AD1002EC05F /* Fraunces_72pt_SuperSoft-Light.ttf in Resources */ = {isa = PBXBuildFile; fileRef = 80FB3460305B4AD1002EC05F /* Fraunces_72pt_SuperSoft-Light.ttf */; };
		80FB347B305B4AD1002EC05F /* Fraunces_72pt_Soft-BlackItalic.ttf in Resources */ = {isa = PBXBuildFile; fileRef = 80FB3450305B4AD1002EC05F /* Fraunces_72pt_Soft-BlackItalic.ttf */; };
		80FB347C305B4AD1002EC05F /* Fraunces_72pt_SuperSoft-BlackItalic.ttf in Resources */ = {isa = PBXBuildFile; fileRef = 80FB345C305B4AD1002EC05F /* Fraunces_72pt_SuperSoft-BlackItalic.ttf */; };
		80FB347D305B4AD1002EC05F /* Fraunces_72pt_Soft-Thin.ttf in Resources */ = {isa = PBXBuildFile; fileRef = 80FB3459305B4AD1002EC05F /* Fraunces_72pt_Soft-Thin.ttf */; };
		80FB347E305B4AD1002EC05F /* Fraunces_72pt_Soft-Bold.ttf in Resources */ = {isa = PBXBuildFile; fileRef = 80FB3451305B4AD1002EC05F /* Fraunces_72pt_Soft-Bold.ttf */; };
		80FB347F305B4AD1002EC05F /* Fraunces_72pt-Bold.ttf in Resources */ = {isa = PBXBuildFile; fileRef = 80FB3469305B4AD1002EC05F /* Fraunces_72pt-Bold.ttf */; };
		80FB3480305B4AD1002EC05F /* Fraunces_72pt-Black.ttf in Resources */ = {isa = PBXBuildFile; fileRef = 80FB3467305B4AD1002EC05F /* Fraunces_72pt-Black.ttf */; };
		80FB3481305B4AD1002EC05F /* Fraunces_72pt_SuperSoft-BoldItalic.ttf in Resources */ = {isa = PBXBuildFile; fileRef = 80FB345E305B4AD1002EC05F /* Fraunces_72pt_SuperSoft-BoldItalic.ttf */; };
		80FB3482305B4AD1002EC05F /* Fraunces_72pt_Soft-Italic.ttf in Resources */ = {isa = PBXBuildFile; fileRef = 80FB3453305B4AD1002EC05F /* Fraunces_72pt_Soft-Italic.ttf */; };
		80FB3483305B4AD1002EC05F /* Fraunces_72pt-BoldItalic.ttf in Resources */ = {isa = PBXBuildFile; fileRef = 80FB346A305B4AD1002EC05F /* Fraunces_72pt-BoldItalic.ttf */; };
		80FB3484305B4AD1002EC05F /* Fraunces_72pt_SuperSoft-Regular.ttf in Resources */ = {isa = PBXBuildFile; fileRef = 80FB3462305B4AD1002EC05F /* Fraunces_72pt_SuperSoft-Regular.ttf */; };
		80FB3485305B4AD1002EC05F /* Fraunces_72pt-BlackItalic.ttf in Resources */ = {isa = PBXBuildFile; fileRef = 80FB3468305B4AD1002EC05F /* Fraunces_72pt-BlackItalic.ttf */; };
		80FB3486305B4AD1002EC05F /* Fraunces_72pt_SuperSoft-ThinItalic.ttf in Resources */ = {isa = PBXBuildFile; fileRef = 80FB3466305B4AD1002EC05F /* Fraunces_72pt_SuperSoft-ThinItalic.ttf */; };
		80FB3487305B4AD1002EC05F /* Fraunces_72pt-SemiBoldItalic.ttf in Resources */ = {isa = PBXBuildFile; fileRef = 80FB3470305B4AD1002EC05F /* Fraunces_72pt-SemiBoldItalic.ttf */; };
		80FB3488305B4AD1002EC05F /* Fraunces_72pt-SemiBold.ttf in Resources */ = {isa = PBXBuildFile; fileRef = 80FB346F305B4AD1002EC05F /* Fraunces_72pt-SemiBold.ttf */; };
		80FB3489305B4AD1002EC05F /* Fraunces_72pt_Soft-SemiBold.ttf in Resources */ = {isa = PBXBuildFile; fileRef = 80FB3457305B4AD1002EC05F /* Fraunces_72pt_Soft-SemiBold.ttf */; };
		80FB348A305B4AD1002EC05F /* Fraunces_72pt_Soft-SemiBoldItalic.ttf in Resources */ = {isa = PBXBuildFile; fileRef = 80FB3458305B4AD1002EC05F /* Fraunces_72pt_Soft-SemiBoldItalic.ttf */; };
		80FB348B305B4AD1002EC05F /* Fraunces_72pt_Soft-LightItalic.ttf in Resources */ = {isa = PBXBuildFile; fileRef = 80FB3455305B4AD1002EC05F /* Fraunces_72pt_Soft-LightItalic.ttf */; };
		80FB348C305B4AD1002EC05F /* Fraunces_72pt-Light.ttf in Resources */ = {isa = PBXBuildFile; fileRef = 80FB346C305B4AD1002EC05F /* Fraunces_72pt-Light.ttf */; };
		80FB348D305B4AD1002EC05F /* Fraunces_72pt_Soft-Black.ttf in Resources */ = {isa = PBXBuildFile; fileRef = 80FB344F305B4AD1002EC05F /* Fraunces_72pt_Soft-Black.ttf */; };
		80FB348E305B4AD1002EC05F /* Fraunces_72pt_SuperSoft-Bold.ttf in Resources */ = {isa = PBXBuildFile; fileRef = 80FB345D305B4AD1002EC05F /* Fraunces_72pt_SuperSoft-Bold.ttf */; };
		80FB348F305B4AD1002EC05F /* Fraunces_72pt_SuperSoft-Italic.ttf in Resources */ = {isa = PBXBuildFile; fileRef = 80FB345F305B4AD1002EC05F /* Fraunces_72pt_SuperSoft-Italic.ttf */; };
		80FB3490305B4AD1002EC05F /* Fraunces_72pt_SuperSoft-SemiBold.ttf in Resources */ = {isa = PBXBuildFile; fileRef = 80FB3463305B4AD1002EC05F /* Fraunces_72pt_SuperSoft-SemiBold.ttf */; };
		80FB3491305B4AD1002EC05F /* Fraunces_72pt_Soft-BoldItalic.ttf in Resources */ = {isa = PBXBuildFile; fileRef = 80FB3452305B4AD1002EC05F /* Fraunces_72pt_Soft-BoldItalic.ttf */; };
		80FB3492305B4AD1002EC05F /* Fraunces_72pt_SuperSoft-Thin.ttf in Resources */ = {isa = PBXBuildFile; fileRef = 80FB3465305B4AD1002EC05F /* Fraunces_72pt_SuperSoft-Thin.ttf */; };
		80FB3493305B4AD1002EC05F /* Fraunces_72pt-Thin.ttf in Resources */ = {isa = PBXBuildFile; fileRef = 80FB3471305B4AD1002EC05F /* Fraunces_72pt-Thin.ttf */; };
		80FB3494305B4AD1002EC05F /* Fraunces_72pt_Soft-ThinItalic.ttf in Resources */ = {isa = PBXBuildFile; fileRef = 80FB345A305B4AD1002EC05F /* Fraunces_72pt_Soft-ThinItalic.ttf */; };
		80FB3495305B4AD1002EC05F /* Fraunces_72pt-ThinItalic.ttf in Resources */ = {isa = PBXBuildFile; fileRef = 80FB3472305B4AD1002EC05F /* Fraunces_72pt-ThinItalic.ttf */; };
		80FB3496305B4AD1002EC05F /* Fraunces_72pt_Soft-Light.ttf in Resources */ = {isa = PBXBuildFile; fileRef = 80FB3454305B4AD1002EC05F /* Fraunces_72pt_Soft-Light.ttf */; };
		80FB3497305B4AD1002EC05F /* Fraunces_72pt-LightItalic.ttf in Resources */ = {isa = PBXBuildFile; fileRef = 80FB346D305B4AD1002EC05F /* Fraunces_72pt-LightItalic.ttf */; };
		80FB34A7305B4AEE002EC05F /* Karla-Bold.ttf in Resources */ = {isa = PBXBuildFile; fileRef = 80FB3498305B4AEE002EC05F /* Karla-Bold.ttf */; };
		80FB34A8305B4AEE002EC05F /* Karla-Light.ttf in Resources */ = {isa = PBXBuildFile; fileRef = 80FB349F305B4AEE002EC05F /* Karla-Light.ttf */; };
		80FB34A9305B4AEE002EC05F /* Karla-SemiBold.ttf in Resources */ = {isa = PBXBuildFile; fileRef = 80FB34A4305B4AEE002EC05F /* Karla-SemiBold.ttf */; };
		80FB34AA305B4AEE002EC05F /* Karla-ExtraBold.ttf in Resources */ = {isa = PBXBuildFile; fileRef = 80FB349A305B4AEE002EC05F /* Karla-ExtraBold.ttf */; };
		80FB34AB305B4AEE002EC05F /* Karla-ExtraBoldItalic.ttf in Resources */ = {isa = PBXBuildFile; fileRef = 80FB349B305B4AEE002EC05F /* Karla-ExtraBoldItalic.ttf */; };
		80FB34AC305B4AEE002EC05F /* Karla-MediumItalic.ttf in Resources */ = {isa = PBXBuildFile; fileRef = 80FB34A2305B4AEE002EC05F /* Karla-MediumItalic.ttf */; };
		80FB34AD305B4AEE002EC05F /* Karla-ExtraLightItalic.ttf in Resources */ = {isa = PBXBuildFile; fileRef = 80FB349D305B4AEE002EC05F /* Karla-ExtraLightItalic.ttf */; };
		80FB34AE305B4AEE002EC05F /* Karla-BoldItalic.ttf in Resources */ = {isa = PBXBuildFile; fileRef = 80FB3499305B4AEE002EC05F /* Karla-BoldItalic.ttf */; };
		80FB34AF305B4AEE002EC05F /* Karla-Regular.ttf in Resources */ = {isa = PBXBuildFile; fileRef = 80FB34A3305B4AEE002EC05F /* Karla-Regular.ttf */; };
		80FB34B0305B4AEE002EC05F /* Karla-SemiBoldItalic.ttf in Resources */ = {isa = PBXBuildFile; fileRef = 80FB34A5305B4AEE002EC05F /* Karla-SemiBoldItalic.ttf */; };
		80FB34B1305B4AEE002EC05F /* Karla-ExtraLight.ttf in Resources */ = {isa = PBXBuildFile; fileRef = 80FB349C305B4AEE002EC05F /* Karla-ExtraLight.ttf */; };
		80FB34B2305B4AEE002EC05F /* Karla-LightItalic.ttf in Resources */ = {isa = PBXBuildFile; fileRef = 80FB34A0305B4AEE002EC05F /* Karla-LightItalic.ttf */; };
		80FB34B3305B4AEE002EC05F /* Karla-Medium.ttf in Resources */ = {isa = PBXBuildFile; fileRef = 80FB34A1305B4AEE002EC05F /* Karla-Medium.ttf */; };
		80FB34B4305B4AEE002EC05F /* Karla-Italic.ttf in Resources */ = {isa = PBXBuildFile; fileRef = 80FB349E305B4AEE002EC05F /* Karla-Italic.ttf */; };
/* End PBXBuildFile section */

/* Begin PBXContainerItemProxy section */
		80AF4CF5305AF270008EAD01 /* PBXContainerItemProxy */ = {
			isa = PBXContainerItemProxy;
			containerPortal = 80AF4CD6305AF26F008EAD01 /* Project object */;
			proxyType = 1;
			remoteGlobalIDString = 80AF4CDD305AF26F008EAD01;
			remoteInfo = "New-Things-Tracker";
		};
		80AF4CFF305AF270008EAD01 /* PBXContainerItemProxy */ = {
			isa = PBXContainerItemProxy;
			containerPortal = 80AF4CD6305AF26F008EAD01 /* Project object */;
			proxyType = 1;
			remoteGlobalIDString = 80AF4CDD305AF26F008EAD01;
			remoteInfo = "New-Things-Tracker";
		};
/* End PBXContainerItemProxy section */

/* Begin PBXFileReference section */
		8021E1EB305B0FA600B45986 /* New-Things-Tracker.app */ = {isa = PBXFileReference; explicitFileType = wrapper.application; includeInIndex = 0; path = "New-Things-Tracker.app"; sourceTree = BUILT_PRODUCTS_DIR; };
		8021E1EC305B0FA600B45986 /* New-Things-TrackerTests.xctest */ = {isa = PBXFileReference; explicitFileType = wrapper.cfbundle; includeInIndex = 0; path = "New-Things-TrackerTests.xctest"; sourceTree = BUILT_PRODUCTS_DIR; };
		8021E1ED305B0FA600B45986 /* New-Things-TrackerUITests.xctest */ = {isa = PBXFileReference; explicitFileType = wrapper.cfbundle; includeInIndex = 0; path = "New-Things-TrackerUITests.xctest"; sourceTree = BUILT_PRODUCTS_DIR; };
		80AF4D12305AF2F8008EAD01 /* Swift.gitignore */ = {isa = PBXFileReference; lastKnownFileType = text; path = Swift.gitignore; sourceTree = "<group>"; };
		80FB3421305B3290002EC05F /* AlbertSans-Italic-VariableFont_wght.ttf */ = {isa = PBXFileReference; lastKnownFileType = file; path = "AlbertSans-Italic-VariableFont_wght.ttf"; sourceTree = "<group>"; };
		80FB3422305B3290002EC05F /* AlbertSans-VariableFont_wght.ttf */ = {isa = PBXFileReference; lastKnownFileType = file; path = "AlbertSans-VariableFont_wght.ttf"; sourceTree = "<group>"; };
		80FB3425305B32A4002EC05F /* ElmsSans-Italic-VariableFont_wght.ttf */ = {isa = PBXFileReference; lastKnownFileType = file; path = "ElmsSans-Italic-VariableFont_wght.ttf"; sourceTree = "<group>"; };
		80FB3426305B32A4002EC05F /* ElmsSans-VariableFont_wght.ttf */ = {isa = PBXFileReference; lastKnownFileType = file; path = "ElmsSans-VariableFont_wght.ttf"; sourceTree = "<group>"; };
		80FB344F305B4AD1002EC05F /* Fraunces_72pt_Soft-Black.ttf */ = {isa = PBXFileReference; lastKnownFileType = file; path = "Fraunces_72pt_Soft-Black.ttf"; sourceTree = "<group>"; };
		80FB3450305B4AD1002EC05F /* Fraunces_72pt_Soft-BlackItalic.ttf */ = {isa = PBXFileReference; lastKnownFileType = file; path = "Fraunces_72pt_Soft-BlackItalic.ttf"; sourceTree = "<group>"; };
		80FB3451305B4AD1002EC05F /* Fraunces_72pt_Soft-Bold.ttf */ = {isa = PBXFileReference; lastKnownFileType = file; path = "Fraunces_72pt_Soft-Bold.ttf"; sourceTree = "<group>"; };
		80FB3452305B4AD1002EC05F /* Fraunces_72pt_Soft-BoldItalic.ttf */ = {isa = PBXFileReference; lastKnownFileType = file; path = "Fraunces_72pt_Soft-BoldItalic.ttf"; sourceTree = "<group>"; };
		80FB3453305B4AD1002EC05F /* Fraunces_72pt_Soft-Italic.ttf */ = {isa = PBXFileReference; lastKnownFileType = file; path = "Fraunces_72pt_Soft-Italic.ttf"; sourceTree = "<group>"; };
		80FB3454305B4AD1002EC05F /* Fraunces_72pt_Soft-Light.ttf */ = {isa = PBXFileReference; lastKnownFileType = file; path = "Fraunces_72pt_Soft-Light.ttf"; sourceTree = "<group>"; };
		80FB3455305B4AD1002EC05F /* Fraunces_72pt_Soft-LightItalic.ttf */ = {isa = PBXFileReference; lastKnownFileType = file; path = "Fraunces_72pt_Soft-LightItalic.ttf"; sourceTree = "<group>"; };
		80FB3456305B4AD1002EC05F /* Fraunces_72pt_Soft-Regular.ttf */ = {isa = PBXFileReference; lastKnownFileType = file; path = "Fraunces_72pt_Soft-Regular.ttf"; sourceTree = "<group>"; };
		80FB3457305B4AD1002EC05F /* Fraunces_72pt_Soft-SemiBold.ttf */ = {isa = PBXFileReference; lastKnownFileType = file; path = "Fraunces_72pt_Soft-SemiBold.ttf"; sourceTree = "<group>"; };
		80FB3458305B4AD1002EC05F /* Fraunces_72pt_Soft-SemiBoldItalic.ttf */ = {isa = PBXFileReference; lastKnownFileType = file; path = "Fraunces_72pt_Soft-SemiBoldItalic.ttf"; sourceTree = "<group>"; };
		80FB3459305B4AD1002EC05F /* Fraunces_72pt_Soft-Thin.ttf */ = {isa = PBXFileReference; lastKnownFileType = file; path = "Fraunces_72pt_Soft-Thin.ttf"; sourceTree = "<group>"; };
		80FB345A305B4AD1002EC05F /* Fraunces_72pt_Soft-ThinItalic.ttf */ = {isa = PBXFileReference; lastKnownFileType = file; path = "Fraunces_72pt_Soft-ThinItalic.ttf"; sourceTree = "<group>"; };
		80FB345B305B4AD1002EC05F /* Fraunces_72pt_SuperSoft-Black.ttf */ = {isa = PBXFileReference; lastKnownFileType = file; path = "Fraunces_72pt_SuperSoft-Black.ttf"; sourceTree = "<group>"; };
		80FB345C305B4AD1002EC05F /* Fraunces_72pt_SuperSoft-BlackItalic.ttf */ = {isa = PBXFileReference; lastKnownFileType = file; path = "Fraunces_72pt_SuperSoft-BlackItalic.ttf"; sourceTree = "<group>"; };
		80FB345D305B4AD1002EC05F /* Fraunces_72pt_SuperSoft-Bold.ttf */ = {isa = PBXFileReference; lastKnownFileType = file; path = "Fraunces_72pt_SuperSoft-Bold.ttf"; sourceTree = "<group>"; };
		80FB345E305B4AD1002EC05F /* Fraunces_72pt_SuperSoft-BoldItalic.ttf */ = {isa = PBXFileReference; lastKnownFileType = file; path = "Fraunces_72pt_SuperSoft-BoldItalic.ttf"; sourceTree = "<group>"; };
		80FB345F305B4AD1002EC05F /* Fraunces_72pt_SuperSoft-Italic.ttf */ = {isa = PBXFileReference; lastKnownFileType = file; path = "Fraunces_72pt_SuperSoft-Italic.ttf"; sourceTree = "<group>"; };
		80FB3460305B4AD1002EC05F /* Fraunces_72pt_SuperSoft-Light.ttf */ = {isa = PBXFileReference; lastKnownFileType = file; path = "Fraunces_72pt_SuperSoft-Light.ttf"; sourceTree = "<group>"; };
		80FB3461305B4AD1002EC05F /* Fraunces_72pt_SuperSoft-LightItalic.ttf */ = {isa = PBXFileReference; lastKnownFileType = file; path = "Fraunces_72pt_SuperSoft-LightItalic.ttf"; sourceTree = "<group>"; };
		80FB3462305B4AD1002EC05F /* Fraunces_72pt_SuperSoft-Regular.ttf */ = {isa = PBXFileReference; lastKnownFileType = file; path = "Fraunces_72pt_SuperSoft-Regular.ttf"; sourceTree = "<group>"; };
		80FB3463305B4AD1002EC05F /* Fraunces_72pt_SuperSoft-SemiBold.ttf */ = {isa = PBXFileReference; lastKnownFileType = file; path = "Fraunces_72pt_SuperSoft-SemiBold.ttf"; sourceTree = "<group>"; };
		80FB3464305B4AD1002EC05F /* Fraunces_72pt_SuperSoft-SemiBoldItalic.ttf */ = {isa = PBXFileReference; lastKnownFileType = file; path = "Fraunces_72pt_SuperSoft-SemiBoldItalic.ttf"; sourceTree = "<group>"; };
		80FB3465305B4AD1002EC05F /* Fraunces_72pt_SuperSoft-Thin.ttf */ = {isa = PBXFileReference; lastKnownFileType = file; path = "Fraunces_72pt_SuperSoft-Thin.ttf"; sourceTree = "<group>"; };
		80FB3466305B4AD1002EC05F /* Fraunces_72pt_SuperSoft-ThinItalic.ttf */ = {isa = PBXFileReference; lastKnownFileType = file; path = "Fraunces_72pt_SuperSoft-ThinItalic.ttf"; sourceTree = "<group>"; };
		80FB3467305B4AD1002EC05F /* Fraunces_72pt-Black.ttf */ = {isa = PBXFileReference; lastKnownFileType = file; path = "Fraunces_72pt-Black.ttf"; sourceTree = "<group>"; };
		80FB3468305B4AD1002EC05F /* Fraunces_72pt-BlackItalic.ttf */ = {isa = PBXFileReference; lastKnownFileType = file; path = "Fraunces_72pt-BlackItalic.ttf"; sourceTree = "<group>"; };
		80FB3469305B4AD1002EC05F /* Fraunces_72pt-Bold.ttf */ = {isa = PBXFileReference; lastKnownFileType = file; path = "Fraunces_72pt-Bold.ttf"; sourceTree = "<group>"; };
		80FB346A305B4AD1002EC05F /* Fraunces_72pt-BoldItalic.ttf */ = {isa = PBXFileReference; lastKnownFileType = file; path = "Fraunces_72pt-BoldItalic.ttf"; sourceTree = "<group>"; };
		80FB346B305B4AD1002EC05F /* Fraunces_72pt-Italic.ttf */ = {isa = PBXFileReference; lastKnownFileType = file; path = "Fraunces_72pt-Italic.ttf"; sourceTree = "<group>"; };
		80FB346C305B4AD1002EC05F /* Fraunces_72pt-Light.ttf */ = {isa = PBXFileReference; lastKnownFileType = file; path = "Fraunces_72pt-Light.ttf"; sourceTree = "<group>"; };
		80FB346D305B4AD1002EC05F /* Fraunces_72pt-LightItalic.ttf */ = {isa = PBXFileReference; lastKnownFileType = file; path = "Fraunces_72pt-LightItalic.ttf"; sourceTree = "<group>"; };
		80FB346E305B4AD1002EC05F /* Fraunces_72pt-Regular.ttf */ = {isa = PBXFileReference; lastKnownFileType = file; path = "Fraunces_72pt-Regular.ttf"; sourceTree = "<group>"; };
		80FB346F305B4AD1002EC05F /* Fraunces_72pt-SemiBold.ttf */ = {isa = PBXFileReference; lastKnownFileType = file; path = "Fraunces_72pt-SemiBold.ttf"; sourceTree = "<group>"; };
		80FB3470305B4AD1002EC05F /* Fraunces_72pt-SemiBoldItalic.ttf */ = {isa = PBXFileReference; lastKnownFileType = file; path = "Fraunces_72pt-SemiBoldItalic.ttf"; sourceTree = "<group>"; };
		80FB3471305B4AD1002EC05F /* Fraunces_72pt-Thin.ttf */ = {isa = PBXFileReference; lastKnownFileType = file; path = "Fraunces_72pt-Thin.ttf"; sourceTree = "<group>"; };
		80FB3472305B4AD1002EC05F /* Fraunces_72pt-ThinItalic.ttf */ = {isa = PBXFileReference; lastKnownFileType = file; path = "Fraunces_72pt-ThinItalic.ttf"; sourceTree = "<group>"; };
		80FB3498305B4AEE002EC05F /* Karla-Bold.ttf */ = {isa = PBXFileReference; lastKnownFileType = file; path = "Karla-Bold.ttf"; sourceTree = "<group>"; };
		80FB3499305B4AEE002EC05F /* Karla-BoldItalic.ttf */ = {isa = PBXFileReference; lastKnownFileType = file; path = "Karla-BoldItalic.ttf"; sourceTree = "<group>"; };
		80FB349A305B4AEE002EC05F /* Karla-ExtraBold.ttf */ = {isa = PBXFileReference; lastKnownFileType = file; path = "Karla-ExtraBold.ttf"; sourceTree = "<group>"; };
		80FB349B305B4AEE002EC05F /* Karla-ExtraBoldItalic.ttf */ = {isa = PBXFileReference; lastKnownFileType = file; path = "Karla-ExtraBoldItalic.ttf"; sourceTree = "<group>"; };
		80FB349C305B4AEE002EC05F /* Karla-ExtraLight.ttf */ = {isa = PBXFileReference; lastKnownFileType = file; path = "Karla-ExtraLight.ttf"; sourceTree = "<group>"; };
		80FB349D305B4AEE002EC05F /* Karla-ExtraLightItalic.ttf */ = {isa = PBXFileReference; lastKnownFileType = file; path = "Karla-ExtraLightItalic.ttf"; sourceTree = "<group>"; };
		80FB349E305B4AEE002EC05F /* Karla-Italic.ttf */ = {isa = PBXFileReference; lastKnownFileType = file; path = "Karla-Italic.ttf"; sourceTree = "<group>"; };
		80FB349F305B4AEE002EC05F /* Karla-Light.ttf */ = {isa = PBXFileReference; lastKnownFileType = file; path = "Karla-Light.ttf"; sourceTree = "<group>"; };
		80FB34A0305B4AEE002EC05F /* Karla-LightItalic.ttf */ = {isa = PBXFileReference; lastKnownFileType = file; path = "Karla-LightItalic.ttf"; sourceTree = "<group>"; };
		80FB34A1305B4AEE002EC05F /* Karla-Medium.ttf */ = {isa = PBXFileReference; lastKnownFileType = file; path = "Karla-Medium.ttf"; sourceTree = "<group>"; };
		80FB34A2305B4AEE002EC05F /* Karla-MediumItalic.ttf */ = {isa = PBXFileReference; lastKnownFileType = file; path = "Karla-MediumItalic.ttf"; sourceTree = "<group>"; };
		80FB34A3305B4AEE002EC05F /* Karla-Regular.ttf */ = {isa = PBXFileReference; lastKnownFileType = file; path = "Karla-Regular.ttf"; sourceTree = "<group>"; };
		80FB34A4305B4AEE002EC05F /* Karla-SemiBold.ttf */ = {isa = PBXFileReference; lastKnownFileType = file; path = "Karla-SemiBold.ttf"; sourceTree = "<group>"; };
		80FB34A5305B4AEE002EC05F /* Karla-SemiBoldItalic.ttf */ = {isa = PBXFileReference; lastKnownFileType = file; path = "Karla-SemiBoldItalic.ttf"; sourceTree = "<group>"; };
/* End PBXFileReference section */

/* Begin PBXFileSystemSynchronizedBuildFileExceptionSet section */
		80AF4D06305AF270008EAD01 /* Exceptions for "New-Things-Tracker" folder in "New-Things-Tracker" target */ = {
			isa = PBXFileSystemSynchronizedBuildFileExceptionSet;
			membershipExceptions = (
				Info.plist,
			);
			target = 80AF4CDD305AF26F008EAD01 /* New-Things-Tracker */;
		};
/* End PBXFileSystemSynchronizedBuildFileExceptionSet section */

/* Begin PBXFileSystemSynchronizedRootGroup section */
		80AF4CE0305AF26F008EAD01 /* New-Things-Tracker */ = {
			isa = PBXFileSystemSynchronizedRootGroup;
			exceptions = (
				80AF4D06305AF270008EAD01 /* Exceptions for "New-Things-Tracker" folder in "New-Things-Tracker" target */,
			);
			path = "New-Things-Tracker";
			sourceTree = "<group>";
		};
		80AF4CF7305AF270008EAD01 /* New-Things-TrackerTests */ = {
			isa = PBXFileSystemSynchronizedRootGroup;
			path = "New-Things-TrackerTests";
			sourceTree = "<group>";
		};
		80AF4D01305AF270008EAD01 /* New-Things-TrackerUITests */ = {
			isa = PBXFileSystemSynchronizedRootGroup;
			path = "New-Things-TrackerUITests";
			sourceTree = "<group>";
		};
/* End PBXFileSystemSynchronizedRootGroup section */

/* Begin PBXFrameworksBuildPhase section */
		80AF4CDB305AF26F008EAD01 /* Frameworks */ = {
			isa = PBXFrameworksBuildPhase;
			buildActionMask = 2147483647;
			files = (
			);
			runOnlyForDeploymentPostprocessing = 0;
		};
		80AF4CF1305AF270008EAD01 /* Frameworks */ = {
			isa = PBXFrameworksBuildPhase;
			buildActionMask = 2147483647;
			files = (
			);
			runOnlyForDeploymentPostprocessing = 0;
		};
		80AF4CFB305AF270008EAD01 /* Frameworks */ = {
			isa = PBXFrameworksBuildPhase;
			buildActionMask = 2147483647;
			files = (
			);
			runOnlyForDeploymentPostprocessing = 0;
		};
/* End PBXFrameworksBuildPhase section */

/* Begin PBXGroup section */
		80AF4CD5305AF26F008EAD01 = {
			isa = PBXGroup;
			children = (
				80AF4CE0305AF26F008EAD01 /* New-Things-Tracker */,
				80AF4CF7305AF270008EAD01 /* New-Things-TrackerTests */,
				80AF4D01305AF270008EAD01 /* New-Things-TrackerUITests */,
				80AF4D12305AF2F8008EAD01 /* Swift.gitignore */,
				8021E1EB305B0FA600B45986 /* New-Things-Tracker.app */,
				8021E1EC305B0FA600B45986 /* New-Things-TrackerTests.xctest */,
				8021E1ED305B0FA600B45986 /* New-Things-TrackerUITests.xctest */,
				80FB3421305B3290002EC05F /* AlbertSans-Italic-VariableFont_wght.ttf */,
				80FB3422305B3290002EC05F /* AlbertSans-VariableFont_wght.ttf */,
				80FB3425305B32A4002EC05F /* ElmsSans-Italic-VariableFont_wght.ttf */,
				80FB3426305B32A4002EC05F /* ElmsSans-VariableFont_wght.ttf */,
				80FB34A6305B4AEE002EC05F /* Karla_static */,
				80FB3473305B4AD1002EC05F /* Fraunces_static */,
			);
			sourceTree = "<group>";
		};
		80FB3473305B4AD1002EC05F /* Fraunces_static */ = {
			isa = PBXGroup;
			children = (
				80FB344F305B4AD1002EC05F /* Fraunces_72pt_Soft-Black.ttf */,
				80FB3450305B4AD1002EC05F /* Fraunces_72pt_Soft-BlackItalic.ttf */,
				80FB3451305B4AD1002EC05F /* Fraunces_72pt_Soft-Bold.ttf */,
				80FB3452305B4AD1002EC05F /* Fraunces_72pt_Soft-BoldItalic.ttf */,
				80FB3453305B4AD1002EC05F /* Fraunces_72pt_Soft-Italic.ttf */,
				80FB3454305B4AD1002EC05F /* Fraunces_72pt_Soft-Light.ttf */,
				80FB3455305B4AD1002EC05F /* Fraunces_72pt_Soft-LightItalic.ttf */,
				80FB3456305B4AD1002EC05F /* Fraunces_72pt_Soft-Regular.ttf */,
				80FB3457305B4AD1002EC05F /* Fraunces_72pt_Soft-SemiBold.ttf */,
				80FB3458305B4AD1002EC05F /* Fraunces_72pt_Soft-SemiBoldItalic.ttf */,
				80FB3459305B4AD1002EC05F /* Fraunces_72pt_Soft-Thin.ttf */,
				80FB345A305B4AD1002EC05F /* Fraunces_72pt_Soft-ThinItalic.ttf */,
				80FB345B305B4AD1002EC05F /* Fraunces_72pt_SuperSoft-Black.ttf */,
				80FB345C305B4AD1002EC05F /* Fraunces_72pt_SuperSoft-BlackItalic.ttf */,
				80FB345D305B4AD1002EC05F /* Fraunces_72pt_SuperSoft-Bold.ttf */,
				80FB345E305B4AD1002EC05F /* Fraunces_72pt_SuperSoft-BoldItalic.ttf */,
				80FB345F305B4AD1002EC05F /* Fraunces_72pt_SuperSoft-Italic.ttf */,
				80FB3460305B4AD1002EC05F /* Fraunces_72pt_SuperSoft-Light.ttf */,
				80FB3461305B4AD1002EC05F /* Fraunces_72pt_SuperSoft-LightItalic.ttf */,
				80FB3462305B4AD1002EC05F /* Fraunces_72pt_SuperSoft-Regular.ttf */,
				80FB3463305B4AD1002EC05F /* Fraunces_72pt_SuperSoft-SemiBold.ttf */,
				80FB3464305B4AD1002EC05F /* Fraunces_72pt_SuperSoft-SemiBoldItalic.ttf */,
				80FB3465305B4AD1002EC05F /* Fraunces_72pt_SuperSoft-Thin.ttf */,
				80FB3466305B4AD1002EC05F /* Fraunces_72pt_SuperSoft-ThinItalic.ttf */,
				80FB3467305B4AD1002EC05F /* Fraunces_72pt-Black.ttf */,
				80FB3468305B4AD1002EC05F /* Fraunces_72pt-BlackItalic.ttf */,
				80FB3469305B4AD1002EC05F /* Fraunces_72pt-Bold.ttf */,
				80FB346A305B4AD1002EC05F /* Fraunces_72pt-BoldItalic.ttf */,
				80FB346B305B4AD1002EC05F /* Fraunces_72pt-Italic.ttf */,
				80FB346C305B4AD1002EC05F /* Fraunces_72pt-Light.ttf */,
				80FB346D305B4AD1002EC05F /* Fraunces_72pt-LightItalic.ttf */,
				80FB346E305B4AD1002EC05F /* Fraunces_72pt-Regular.ttf */,
				80FB346F305B4AD1002EC05F /* Fraunces_72pt-SemiBold.ttf */,
				80FB3470305B4AD1002EC05F /* Fraunces_72pt-SemiBoldItalic.ttf */,
				80FB3471305B4AD1002EC05F /* Fraunces_72pt-Thin.ttf */,
				80FB3472305B4AD1002EC05F /* Fraunces_72pt-ThinItalic.ttf */,
			);
			path = Fraunces_static;
			sourceTree = "<group>";
		};
		80FB34A6305B4AEE002EC05F /* Karla_static */ = {
			isa = PBXGroup;
			children = (
				80FB3498305B4AEE002EC05F /* Karla-Bold.ttf */,
				80FB3499305B4AEE002EC05F /* Karla-BoldItalic.ttf */,
				80FB349A305B4AEE002EC05F /* Karla-ExtraBold.ttf */,
				80FB349B305B4AEE002EC05F /* Karla-ExtraBoldItalic.ttf */,
				80FB349C305B4AEE002EC05F /* Karla-ExtraLight.ttf */,
				80FB349D305B4AEE002EC05F /* Karla-ExtraLightItalic.ttf */,
				80FB349E305B4AEE002EC05F /* Karla-Italic.ttf */,
				80FB349F305B4AEE002EC05F /* Karla-Light.ttf */,
				80FB34A0305B4AEE002EC05F /* Karla-LightItalic.ttf */,
				80FB34A1305B4AEE002EC05F /* Karla-Medium.ttf */,
				80FB34A2305B4AEE002EC05F /* Karla-MediumItalic.ttf */,
				80FB34A3305B4AEE002EC05F /* Karla-Regular.ttf */,
				80FB34A4305B4AEE002EC05F /* Karla-SemiBold.ttf */,
				80FB34A5305B4AEE002EC05F /* Karla-SemiBoldItalic.ttf */,
			);
			path = Karla_static;
			sourceTree = "<group>";
		};
/* End PBXGroup section */

/* Begin PBXNativeTarget section */
		80AF4CDD305AF26F008EAD01 /* New-Things-Tracker */ = {
			isa = PBXNativeTarget;
			buildConfigurationList = 80AF4D07305AF270008EAD01 /* Build configuration list for PBXNativeTarget "New-Things-Tracker" */;
			buildPhases = (
				80AF4CDA305AF26F008EAD01 /* Sources */,
				80AF4CDB305AF26F008EAD01 /* Frameworks */,
				80AF4CDC305AF26F008EAD01 /* Resources */,
			);
			buildRules = (
			);
			dependencies = (
			);
			fileSystemSynchronizedGroups = (
				80AF4CE0305AF26F008EAD01 /* New-Things-Tracker */,
			);
			name = "New-Things-Tracker";
			packageProductDependencies = (
			);
			productName = "New-Things-Tracker";
			productReference = 8021E1EB305B0FA600B45986 /* New-Things-Tracker.app */;
			productType = "com.apple.product-type.application";
		};
		80AF4CF3305AF270008EAD01 /* New-Things-TrackerTests */ = {
			isa = PBXNativeTarget;
			buildConfigurationList = 80AF4D0C305AF270008EAD01 /* Build configuration list for PBXNativeTarget "New-Things-TrackerTests" */;
			buildPhases = (
				80AF4CF0305AF270008EAD01 /* Sources */,
				80AF4CF1305AF270008EAD01 /* Frameworks */,
				80AF4CF2305AF270008EAD01 /* Resources */,
			);
			buildRules = (
			);
			dependencies = (
				80AF4CF6305AF270008EAD01 /* PBXTargetDependency */,
			);
			fileSystemSynchronizedGroups = (
				80AF4CF7305AF270008EAD01 /* New-Things-TrackerTests */,
			);
			name = "New-Things-TrackerTests";
			packageProductDependencies = (
			);
			productName = "New-Things-TrackerTests";
			productReference = 8021E1EC305B0FA600B45986 /* New-Things-TrackerTests.xctest */;
			productType = "com.apple.product-type.bundle.unit-test";
		};
		80AF4CFD305AF270008EAD01 /* New-Things-TrackerUITests */ = {
			isa = PBXNativeTarget;
			buildConfigurationList = 80AF4D0F305AF270008EAD01 /* Build configuration list for PBXNativeTarget "New-Things-TrackerUITests" */;
			buildPhases = (
				80AF4CFA305AF270008EAD01 /* Sources */,
				80AF4CFB305AF270008EAD01 /* Frameworks */,
				80AF4CFC305AF270008EAD01 /* Resources */,
			);
			buildRules = (
			);
			dependencies = (
				80AF4D00305AF270008EAD01 /* PBXTargetDependency */,
			);
			fileSystemSynchronizedGroups = (
				80AF4D01305AF270008EAD01 /* New-Things-TrackerUITests */,
			);
			name = "New-Things-TrackerUITests";
			packageProductDependencies = (
			);
			productName = "New-Things-TrackerUITests";
			productReference = 8021E1ED305B0FA600B45986 /* New-Things-TrackerUITests.xctest */;
			productType = "com.apple.product-type.bundle.ui-testing";
		};
/* End PBXNativeTarget section */

/* Begin PBXProject section */
		80AF4CD6305AF26F008EAD01 /* Project object */ = {
			isa = PBXProject;
			attributes = {
				BuildIndependentTargetsInParallel = 1;
				LastSwiftUpdateCheck = 2660;
				LastUpgradeCheck = 2660;
				TargetAttributes = {
					80AF4CDD305AF26F008EAD01 = {
						CreatedOnToolsVersion = 26.6;
					};
					80AF4CF3305AF270008EAD01 = {
						CreatedOnToolsVersion = 26.6;
						TestTargetID = 80AF4CDD305AF26F008EAD01;
					};
					80AF4CFD305AF270008EAD01 = {
						CreatedOnToolsVersion = 26.6;
						TestTargetID = 80AF4CDD305AF26F008EAD01;
					};
				};
			};
			buildConfigurationList = 80AF4CD9305AF26F008EAD01 /* Build configuration list for PBXProject "New-Things-Tracker" */;
			developmentRegion = en;
			hasScannedForEncodings = 0;
			knownRegions = (
				en,
				Base,
			);
			mainGroup = 80AF4CD5305AF26F008EAD01;
			minimizedProjectReferenceProxies = 1;
			preferredProjectObjectVersion = 77;
			productRefGroup = 80AF4CD5305AF26F008EAD01;
			projectDirPath = "";
			projectRoot = "";
			targets = (
				80AF4CDD305AF26F008EAD01 /* New-Things-Tracker */,
				80AF4CF3305AF270008EAD01 /* New-Things-TrackerTests */,
				80AF4CFD305AF270008EAD01 /* New-Things-TrackerUITests */,
			);
		};
/* End PBXProject section */

/* Begin PBXResourcesBuildPhase section */
		80AF4CDC305AF26F008EAD01 /* Resources */ = {
			isa = PBXResourcesBuildPhase;
			buildActionMask = 2147483647;
			files = (
				80FB3427305B32A4002EC05F /* ElmsSans-VariableFont_wght.ttf in Resources */,
				80FB3428305B32A4002EC05F /* ElmsSans-Italic-VariableFont_wght.ttf in Resources */,
				80FB3474305B4AD1002EC05F /* Fraunces_72pt-Regular.ttf in Resources */,
				80FB3475305B4AD1002EC05F /* Fraunces_72pt-Italic.ttf in Resources */,
				80FB3476305B4AD1002EC05F /* Fraunces_72pt_SuperSoft-SemiBoldItalic.ttf in Resources */,
				80FB3477305B4AD1002EC05F /* Fraunces_72pt_Soft-Regular.ttf in Resources */,
				80FB3478305B4AD1002EC05F /* Fraunces_72pt_SuperSoft-LightItalic.ttf in Resources */,
				80FB3479305B4AD1002EC05F /* Fraunces_72pt_SuperSoft-Black.ttf in Resources */,
				80FB347A305B4AD1002EC05F /* Fraunces_72pt_SuperSoft-Light.ttf in Resources */,
				80FB34A7305B4AEE002EC05F /* Karla-Bold.ttf in Resources */,
				80FB34A8305B4AEE002EC05F /* Karla-Light.ttf in Resources */,
				80FB34A9305B4AEE002EC05F /* Karla-SemiBold.ttf in Resources */,
				80FB34AA305B4AEE002EC05F /* Karla-ExtraBold.ttf in Resources */,
				80FB34AB305B4AEE002EC05F /* Karla-ExtraBoldItalic.ttf in Resources */,
				80FB34AC305B4AEE002EC05F /* Karla-MediumItalic.ttf in Resources */,
				80FB34AD305B4AEE002EC05F /* Karla-ExtraLightItalic.ttf in Resources */,
				80FB34AE305B4AEE002EC05F /* Karla-BoldItalic.ttf in Resources */,
				80FB34AF305B4AEE002EC05F /* Karla-Regular.ttf in Resources */,
				80FB34B0305B4AEE002EC05F /* Karla-SemiBoldItalic.ttf in Resources */,
				80FB34B1305B4AEE002EC05F /* Karla-ExtraLight.ttf in Resources */,
				80FB34B2305B4AEE002EC05F /* Karla-LightItalic.ttf in Resources */,
				80FB34B3305B4AEE002EC05F /* Karla-Medium.ttf in Resources */,
				80FB34B4305B4AEE002EC05F /* Karla-Italic.ttf in Resources */,
				80FB347B305B4AD1002EC05F /* Fraunces_72pt_Soft-BlackItalic.ttf in Resources */,
				80FB347C305B4AD1002EC05F /* Fraunces_72pt_SuperSoft-BlackItalic.ttf in Resources */,
				80FB347D305B4AD1002EC05F /* Fraunces_72pt_Soft-Thin.ttf in Resources */,
				80FB347E305B4AD1002EC05F /* Fraunces_72pt_Soft-Bold.ttf in Resources */,
				80FB347F305B4AD1002EC05F /* Fraunces_72pt-Bold.ttf in Resources */,
				80FB3480305B4AD1002EC05F /* Fraunces_72pt-Black.ttf in Resources */,
				80FB3481305B4AD1002EC05F /* Fraunces_72pt_SuperSoft-BoldItalic.ttf in Resources */,
				80FB3482305B4AD1002EC05F /* Fraunces_72pt_Soft-Italic.ttf in Resources */,
				80FB3483305B4AD1002EC05F /* Fraunces_72pt-BoldItalic.ttf in Resources */,
				80FB3484305B4AD1002EC05F /* Fraunces_72pt_SuperSoft-Regular.ttf in Resources */,
				80FB3485305B4AD1002EC05F /* Fraunces_72pt-BlackItalic.ttf in Resources */,
				80FB3486305B4AD1002EC05F /* Fraunces_72pt_SuperSoft-ThinItalic.ttf in Resources */,
				80FB3487305B4AD1002EC05F /* Fraunces_72pt-SemiBoldItalic.ttf in Resources */,
				80FB3488305B4AD1002EC05F /* Fraunces_72pt-SemiBold.ttf in Resources */,
				80FB3489305B4AD1002EC05F /* Fraunces_72pt_Soft-SemiBold.ttf in Resources */,
				80FB348A305B4AD1002EC05F /* Fraunces_72pt_Soft-SemiBoldItalic.ttf in Resources */,
				80FB348B305B4AD1002EC05F /* Fraunces_72pt_Soft-LightItalic.ttf in Resources */,
				80FB348C305B4AD1002EC05F /* Fraunces_72pt-Light.ttf in Resources */,
				80FB348D305B4AD1002EC05F /* Fraunces_72pt_Soft-Black.ttf in Resources */,
				80FB348E305B4AD1002EC05F /* Fraunces_72pt_SuperSoft-Bold.ttf in Resources */,
				80FB348F305B4AD1002EC05F /* Fraunces_72pt_SuperSoft-Italic.ttf in Resources */,
				80FB3490305B4AD1002EC05F /* Fraunces_72pt_SuperSoft-SemiBold.ttf in Resources */,
				80FB3491305B4AD1002EC05F /* Fraunces_72pt_Soft-BoldItalic.ttf in Resources */,
				80FB3492305B4AD1002EC05F /* Fraunces_72pt_SuperSoft-Thin.ttf in Resources */,
				80FB3493305B4AD1002EC05F /* Fraunces_72pt-Thin.ttf in Resources */,
				80FB3494305B4AD1002EC05F /* Fraunces_72pt_Soft-ThinItalic.ttf in Resources */,
				80FB3495305B4AD1002EC05F /* Fraunces_72pt-ThinItalic.ttf in Resources */,
				80FB3496305B4AD1002EC05F /* Fraunces_72pt_Soft-Light.ttf in Resources */,
				80FB3497305B4AD1002EC05F /* Fraunces_72pt-LightItalic.ttf in Resources */,
				80FB3423305B3290002EC05F /* AlbertSans-Italic-VariableFont_wght.ttf in Resources */,
				80FB3424305B3290002EC05F /* AlbertSans-VariableFont_wght.ttf in Resources */,
				80AF4D13305AF2F8008EAD01 /* Swift.gitignore in Resources */,
			);
			runOnlyForDeploymentPostprocessing = 0;
		};
		80AF4CF2305AF270008EAD01 /* Resources */ = {
			isa = PBXResourcesBuildPhase;
			buildActionMask = 2147483647;
			files = (
			);
			runOnlyForDeploymentPostprocessing = 0;
		};
		80AF4CFC305AF270008EAD01 /* Resources */ = {
			isa = PBXResourcesBuildPhase;
			buildActionMask = 2147483647;
			files = (
			);
			runOnlyForDeploymentPostprocessing = 0;
		};
/* End PBXResourcesBuildPhase section */

/* Begin PBXSourcesBuildPhase section */
		80AF4CDA305AF26F008EAD01 /* Sources */ = {
			isa = PBXSourcesBuildPhase;
			buildActionMask = 2147483647;
			files = (
			);
			runOnlyForDeploymentPostprocessing = 0;
		};
		80AF4CF0305AF270008EAD01 /* Sources */ = {
			isa = PBXSourcesBuildPhase;
			buildActionMask = 2147483647;
			files = (
			);
			runOnlyForDeploymentPostprocessing = 0;
		};
		80AF4CFA305AF270008EAD01 /* Sources */ = {
			isa = PBXSourcesBuildPhase;
			buildActionMask = 2147483647;
			files = (
			);
			runOnlyForDeploymentPostprocessing = 0;
		};
/* End PBXSourcesBuildPhase section */

/* Begin PBXTargetDependency section */
		80AF4CF6305AF270008EAD01 /* PBXTargetDependency */ = {
			isa = PBXTargetDependency;
			target = 80AF4CDD305AF26F008EAD01 /* New-Things-Tracker */;
			targetProxy = 80AF4CF5305AF270008EAD01 /* PBXContainerItemProxy */;
		};
		80AF4D00305AF270008EAD01 /* PBXTargetDependency */ = {
			isa = PBXTargetDependency;
			target = 80AF4CDD305AF26F008EAD01 /* New-Things-Tracker */;
			targetProxy = 80AF4CFF305AF270008EAD01 /* PBXContainerItemProxy */;
		};
/* End PBXTargetDependency section */

/* Begin XCBuildConfiguration section */
		80AF4D08305AF270008EAD01 /* Debug */ = {
			isa = XCBuildConfiguration;
			buildSettings = {
				ASSETCATALOG_COMPILER_APPICON_NAME = AppIcon;
				ASSETCATALOG_COMPILER_GLOBAL_ACCENT_COLOR_NAME = AccentColor;
				CODE_SIGN_STYLE = Automatic;
				CURRENT_PROJECT_VERSION = 1;
				DEVELOPMENT_TEAM = FH9MRL7638;
				GENERATE_INFOPLIST_FILE = YES;
				INFOPLIST_FILE = "New-Things-Tracker/Info.plist";
				INFOPLIST_KEY_CFBundleDisplayName = Trod;
				INFOPLIST_KEY_NSLocationAlwaysAndWhenInUseUsageDescription = "New Things Tracker uses background location to detect arrivals and departures so it can suggest new firsts even when the app is closed.";
				INFOPLIST_KEY_NSLocationWhenInUseUsageDescription = "New Things Tracker needs your location to suggest firsts based on places you visit.";
				INFOPLIST_KEY_NSPhotoLibraryUsageDescription = "New Things Tracker reads photo dates and GPS coordinates to find firsts captured in your camera roll.";
				INFOPLIST_KEY_UIApplicationSupportsIndirectInputEvents = YES;
				INFOPLIST_KEY_UILaunchStoryboardName = LaunchScreen;
				INFOPLIST_KEY_UIMainStoryboardFile = Main;
				INFOPLIST_KEY_UISupportedInterfaceOrientations_iPad = "UIInterfaceOrientationPortrait UIInterfaceOrientationPortraitUpsideDown UIInterfaceOrientationLandscapeLeft UIInterfaceOrientationLandscapeRight";
				INFOPLIST_KEY_UISupportedInterfaceOrientations_iPhone = "UIInterfaceOrientationPortrait UIInterfaceOrientationLandscapeLeft UIInterfaceOrientationLandscapeRight";
				LD_RUNPATH_SEARCH_PATHS = (
					"$(inherited)",
					"@executable_path/Frameworks",
				);
				MARKETING_VERSION = 1.0;
				PRODUCT_BUNDLE_IDENTIFIER = "com.spot-location.New-Things-Tracker";
				PRODUCT_NAME = "$(TARGET_NAME)";
				STRING_CATALOG_GENERATE_SYMBOLS = YES;
				SWIFT_APPROACHABLE_CONCURRENCY = YES;
				SWIFT_DEFAULT_ACTOR_ISOLATION = MainActor;
				SWIFT_EMIT_LOC_STRINGS = YES;
				SWIFT_UPCOMING_FEATURE_MEMBER_IMPORT_VISIBILITY = YES;
				SWIFT_VERSION = 5.0;
				TARGETED_DEVICE_FAMILY = "1,2";
			};
			name = Debug;
		};
		80AF4D09305AF270008EAD01 /* Release */ = {
			isa = XCBuildConfiguration;
			buildSettings = {
				ASSETCATALOG_COMPILER_APPICON_NAME = AppIcon;
				ASSETCATALOG_COMPILER_GLOBAL_ACCENT_COLOR_NAME = AccentColor;
				CODE_SIGN_STYLE = Automatic;
				CURRENT_PROJECT_VERSION = 1;
				DEVELOPMENT_TEAM = FH9MRL7638;
				GENERATE_INFOPLIST_FILE = YES;
				INFOPLIST_FILE = "New-Things-Tracker/Info.plist";
				INFOPLIST_KEY_CFBundleDisplayName = Trod;
				INFOPLIST_KEY_NSLocationAlwaysAndWhenInUseUsageDescription = "New Things Tracker uses background location to detect arrivals and departures so it can suggest new firsts even when the app is closed.";
				INFOPLIST_KEY_NSLocationWhenInUseUsageDescription = "New Things Tracker needs your location to suggest firsts based on places you visit.";
				INFOPLIST_KEY_NSPhotoLibraryUsageDescription = "New Things Tracker reads photo dates and GPS coordinates to find firsts captured in your camera roll.";
				INFOPLIST_KEY_UIApplicationSupportsIndirectInputEvents = YES;
				INFOPLIST_KEY_UILaunchStoryboardName = LaunchScreen;
				INFOPLIST_KEY_UIMainStoryboardFile = Main;
				INFOPLIST_KEY_UISupportedInterfaceOrientations_iPad = "UIInterfaceOrientationPortrait UIInterfaceOrientationPortraitUpsideDown UIInterfaceOrientationLandscapeLeft UIInterfaceOrientationLandscapeRight";
				INFOPLIST_KEY_UISupportedInterfaceOrientations_iPhone = "UIInterfaceOrientationPortrait UIInterfaceOrientationLandscapeLeft UIInterfaceOrientationLandscapeRight";
				LD_RUNPATH_SEARCH_PATHS = (
					"$(inherited)",
					"@executable_path/Frameworks",
				);
				MARKETING_VERSION = 1.0;
				PRODUCT_BUNDLE_IDENTIFIER = "com.spot-location.New-Things-Tracker";
				PRODUCT_NAME = "$(TARGET_NAME)";
				STRING_CATALOG_GENERATE_SYMBOLS = YES;
				SWIFT_APPROACHABLE_CONCURRENCY = YES;
				SWIFT_DEFAULT_ACTOR_ISOLATION = MainActor;
				SWIFT_EMIT_LOC_STRINGS = YES;
				SWIFT_UPCOMING_FEATURE_MEMBER_IMPORT_VISIBILITY = YES;
				SWIFT_VERSION = 5.0;
				TARGETED_DEVICE_FAMILY = "1,2";
			};
			name = Release;
		};
		80AF4D0A305AF270008EAD01 /* Debug */ = {
			isa = XCBuildConfiguration;
			buildSettings = {
				ALWAYS_SEARCH_USER_PATHS = NO;
				ASSETCATALOG_COMPILER_GENERATE_SWIFT_ASSET_SYMBOL_EXTENSIONS = YES;
				CLANG_ANALYZER_NONNULL = YES;
				CLANG_ANALYZER_NUMBER_OBJECT_CONVERSION = YES_AGGRESSIVE;
				CLANG_CXX_LANGUAGE_STANDARD = "gnu++20";
				CLANG_ENABLE_MODULES = YES;
				CLANG_ENABLE_OBJC_ARC = YES;
				CLANG_ENABLE_OBJC_WEAK = YES;
				CLANG_WARN_BLOCK_CAPTURE_AUTORELEASING = YES;
				CLANG_WARN_BOOL_CONVERSION = YES;
				CLANG_WARN_COMMA = YES;
				CLANG_WARN_CONSTANT_CONVERSION = YES;
				CLANG_WARN_DEPRECATED_OBJC_IMPLEMENTATIONS = YES;
				CLANG_WARN_DIRECT_OBJC_ISA_USAGE = YES_ERROR;
				CLANG_WARN_DOCUMENTATION_COMMENTS = YES;
				CLANG_WARN_EMPTY_BODY = YES;
				CLANG_WARN_ENUM_CONVERSION = YES;
				CLANG_WARN_INFINITE_RECURSION = YES;
				CLANG_WARN_INT_CONVERSION = YES;
				CLANG_WARN_NON_LITERAL_NULL_CONVERSION = YES;
				CLANG_WARN_OBJC_IMPLICIT_RETAIN_SELF = YES;
				CLANG_WARN_OBJC_LITERAL_CONVERSION = YES;
				CLANG_WARN_OBJC_ROOT_CLASS = YES_ERROR;
				CLANG_WARN_QUOTED_INCLUDE_IN_FRAMEWORK_HEADER = YES;
				CLANG_WARN_RANGE_LOOP_ANALYSIS = YES;
				CLANG_WARN_STRICT_PROTOTYPES = YES;
				CLANG_WARN_SUSPICIOUS_MOVE = YES;
				CLANG_WARN_UNGUARDED_AVAILABILITY = YES_AGGRESSIVE;
				CLANG_WARN_UNREACHABLE_CODE = YES;
				CLANG_WARN__DUPLICATE_METHOD_MATCH = YES;
				COPY_PHASE_STRIP = NO;
				DEBUG_INFORMATION_FORMAT = dwarf;
				DEVELOPMENT_TEAM = FH9MRL7638;
				ENABLE_STRICT_OBJC_MSGSEND = YES;
				ENABLE_TESTABILITY = YES;
				ENABLE_USER_SCRIPT_SANDBOXING = YES;
				GCC_C_LANGUAGE_STANDARD = gnu17;
				GCC_DYNAMIC_NO_PIC = NO;
				GCC_NO_COMMON_BLOCKS = YES;
				GCC_OPTIMIZATION_LEVEL = 0;
				GCC_PREPROCESSOR_DEFINITIONS = (
					"DEBUG=1",
					"$(inherited)",
				);
				GCC_WARN_64_TO_32_BIT_CONVERSION = YES;
				GCC_WARN_ABOUT_RETURN_TYPE = YES_ERROR;
				GCC_WARN_UNDECLARED_SELECTOR = YES;
				GCC_WARN_UNINITIALIZED_AUTOS = YES_AGGRESSIVE;
				GCC_WARN_UNUSED_FUNCTION = YES;
				GCC_WARN_UNUSED_VARIABLE = YES;
				IPHONEOS_DEPLOYMENT_TARGET = 26.5;
				LOCALIZATION_PREFERS_STRING_CATALOGS = YES;
				MTL_ENABLE_DEBUG_INFO = INCLUDE_SOURCE;
				MTL_FAST_MATH = YES;
				ONLY_ACTIVE_ARCH = YES;
				SDKROOT = iphoneos;
				SWIFT_ACTIVE_COMPILATION_CONDITIONS = "DEBUG $(inherited)";
				SWIFT_OPTIMIZATION_LEVEL = "-Onone";
			};
			name = Debug;
		};
		80AF4D0B305AF270008EAD01 /* Release */ = {
			isa = XCBuildConfiguration;
			buildSettings = {
				ALWAYS_SEARCH_USER_PATHS = NO;
				ASSETCATALOG_COMPILER_GENERATE_SWIFT_ASSET_SYMBOL_EXTENSIONS = YES;
				CLANG_ANALYZER_NONNULL = YES;
				CLANG_ANALYZER_NUMBER_OBJECT_CONVERSION = YES_AGGRESSIVE;
				CLANG_CXX_LANGUAGE_STANDARD = "gnu++20";
				CLANG_ENABLE_MODULES = YES;
				CLANG_ENABLE_OBJC_ARC = YES;
				CLANG_ENABLE_OBJC_WEAK = YES;
				CLANG_WARN_BLOCK_CAPTURE_AUTORELEASING = YES;
				CLANG_WARN_BOOL_CONVERSION = YES;
				CLANG_WARN_COMMA = YES;
				CLANG_WARN_CONSTANT_CONVERSION = YES;
				CLANG_WARN_DEPRECATED_OBJC_IMPLEMENTATIONS = YES;
				CLANG_WARN_DIRECT_OBJC_ISA_USAGE = YES_ERROR;
				CLANG_WARN_DOCUMENTATION_COMMENTS = YES;
				CLANG_WARN_EMPTY_BODY = YES;
				CLANG_WARN_ENUM_CONVERSION = YES;
				CLANG_WARN_INFINITE_RECURSION = YES;
				CLANG_WARN_INT_CONVERSION = YES;
				CLANG_WARN_NON_LITERAL_NULL_CONVERSION = YES;
				CLANG_WARN_OBJC_IMPLICIT_RETAIN_SELF = YES;
				CLANG_WARN_OBJC_LITERAL_CONVERSION = YES;
				CLANG_WARN_OBJC_ROOT_CLASS = YES_ERROR;
				CLANG_WARN_QUOTED_INCLUDE_IN_FRAMEWORK_HEADER = YES;
				CLANG_WARN_RANGE_LOOP_ANALYSIS = YES;
				CLANG_WARN_STRICT_PROTOTYPES = YES;
				CLANG_WARN_SUSPICIOUS_MOVE = YES;
				CLANG_WARN_UNGUARDED_AVAILABILITY = YES_AGGRESSIVE;
				CLANG_WARN_UNREACHABLE_CODE = YES;
				CLANG_WARN__DUPLICATE_METHOD_MATCH = YES;
				COPY_PHASE_STRIP = NO;
				DEBUG_INFORMATION_FORMAT = "dwarf-with-dsym";
				DEVELOPMENT_TEAM = FH9MRL7638;
				ENABLE_NS_ASSERTIONS = NO;
				ENABLE_STRICT_OBJC_MSGSEND = YES;
				ENABLE_USER_SCRIPT_SANDBOXING = YES;
				GCC_C_LANGUAGE_STANDARD = gnu17;
				GCC_NO_COMMON_BLOCKS = YES;
				GCC_WARN_64_TO_32_BIT_CONVERSION = YES;
				GCC_WARN_ABOUT_RETURN_TYPE = YES_ERROR;
				GCC_WARN_UNDECLARED_SELECTOR = YES;
				GCC_WARN_UNINITIALIZED_AUTOS = YES_AGGRESSIVE;
				GCC_WARN_UNUSED_FUNCTION = YES;
				GCC_WARN_UNUSED_VARIABLE = YES;
				IPHONEOS_DEPLOYMENT_TARGET = 26.5;
				LOCALIZATION_PREFERS_STRING_CATALOGS = YES;
				MTL_ENABLE_DEBUG_INFO = NO;
				MTL_FAST_MATH = YES;
				SDKROOT = iphoneos;
				SWIFT_COMPILATION_MODE = wholemodule;
				VALIDATE_PRODUCT = YES;
			};
			name = Release;
		};
		80AF4D0D305AF270008EAD01 /* Debug */ = {
			isa = XCBuildConfiguration;
			buildSettings = {
				BUNDLE_LOADER = "$(TEST_HOST)";
				CODE_SIGN_STYLE = Automatic;
				CURRENT_PROJECT_VERSION = 1;
				DEVELOPMENT_TEAM = FH9MRL7638;
				GENERATE_INFOPLIST_FILE = YES;
				IPHONEOS_DEPLOYMENT_TARGET = 26.5;
				MARKETING_VERSION = 1.0;
				PRODUCT_BUNDLE_IDENTIFIER = "com.spot-location.New-Things-TrackerTests";
				PRODUCT_NAME = "$(TARGET_NAME)";
				STRING_CATALOG_GENERATE_SYMBOLS = NO;
				SWIFT_APPROACHABLE_CONCURRENCY = YES;
				SWIFT_EMIT_LOC_STRINGS = NO;
				SWIFT_UPCOMING_FEATURE_MEMBER_IMPORT_VISIBILITY = YES;
				SWIFT_VERSION = 5.0;
				TARGETED_DEVICE_FAMILY = "1,2";
				TEST_HOST = "$(BUILT_PRODUCTS_DIR)/New-Things-Tracker.app/$(BUNDLE_EXECUTABLE_FOLDER_PATH)/New-Things-Tracker";
			};
			name = Debug;
		};
		80AF4D0E305AF270008EAD01 /* Release */ = {
			isa = XCBuildConfiguration;
			buildSettings = {
				BUNDLE_LOADER = "$(TEST_HOST)";
				CODE_SIGN_STYLE = Automatic;
				CURRENT_PROJECT_VERSION = 1;
				DEVELOPMENT_TEAM = FH9MRL7638;
				GENERATE_INFOPLIST_FILE = YES;
				IPHONEOS_DEPLOYMENT_TARGET = 26.5;
				MARKETING_VERSION = 1.0;
				PRODUCT_BUNDLE_IDENTIFIER = "com.spot-location.New-Things-TrackerTests";
				PRODUCT_NAME = "$(TARGET_NAME)";
				STRING_CATALOG_GENERATE_SYMBOLS = NO;
				SWIFT_APPROACHABLE_CONCURRENCY = YES;
				SWIFT_EMIT_LOC_STRINGS = NO;
				SWIFT_UPCOMING_FEATURE_MEMBER_IMPORT_VISIBILITY = YES;
				SWIFT_VERSION = 5.0;
				TARGETED_DEVICE_FAMILY = "1,2";
				TEST_HOST = "$(BUILT_PRODUCTS_DIR)/New-Things-Tracker.app/$(BUNDLE_EXECUTABLE_FOLDER_PATH)/New-Things-Tracker";
			};
			name = Release;
		};
		80AF4D10305AF270008EAD01 /* Debug */ = {
			isa = XCBuildConfiguration;
			buildSettings = {
				CODE_SIGN_STYLE = Automatic;
				CURRENT_PROJECT_VERSION = 1;
				DEVELOPMENT_TEAM = FH9MRL7638;
				GENERATE_INFOPLIST_FILE = YES;
				MARKETING_VERSION = 1.0;
				PRODUCT_BUNDLE_IDENTIFIER = "com.spot-location.New-Things-TrackerUITests";
				PRODUCT_NAME = "$(TARGET_NAME)";
				STRING_CATALOG_GENERATE_SYMBOLS = NO;
				SWIFT_APPROACHABLE_CONCURRENCY = YES;
				SWIFT_EMIT_LOC_STRINGS = NO;
				SWIFT_UPCOMING_FEATURE_MEMBER_IMPORT_VISIBILITY = YES;
				SWIFT_VERSION = 5.0;
				TARGETED_DEVICE_FAMILY = "1,2";
				TEST_TARGET_NAME = "New-Things-Tracker";
			};
			name = Debug;
		};
		80AF4D11305AF270008EAD01 /* Release */ = {
			isa = XCBuildConfiguration;
			buildSettings = {
				CODE_SIGN_STYLE = Automatic;
				CURRENT_PROJECT_VERSION = 1;
				DEVELOPMENT_TEAM = FH9MRL7638;
				GENERATE_INFOPLIST_FILE = YES;
				MARKETING_VERSION = 1.0;
				PRODUCT_BUNDLE_IDENTIFIER = "com.spot-location.New-Things-TrackerUITests";
				PRODUCT_NAME = "$(TARGET_NAME)";
				STRING_CATALOG_GENERATE_SYMBOLS = NO;
				SWIFT_APPROACHABLE_CONCURRENCY = YES;
				SWIFT_EMIT_LOC_STRINGS = NO;
				SWIFT_UPCOMING_FEATURE_MEMBER_IMPORT_VISIBILITY = YES;
				SWIFT_VERSION = 5.0;
				TARGETED_DEVICE_FAMILY = "1,2";
				TEST_TARGET_NAME = "New-Things-Tracker";
			};
			name = Release;
		};
/* End XCBuildConfiguration section */

/* Begin XCConfigurationList section */
		80AF4CD9305AF26F008EAD01 /* Build configuration list for PBXProject "New-Things-Tracker" */ = {
			isa = XCConfigurationList;
			buildConfigurations = (
				80AF4D0A305AF270008EAD01 /* Debug */,
				80AF4D0B305AF270008EAD01 /* Release */,
			);
			defaultConfigurationIsVisible = 0;
			defaultConfigurationName = Release;
		};
		80AF4D07305AF270008EAD01 /* Build configuration list for PBXNativeTarget "New-Things-Tracker" */ = {
			isa = XCConfigurationList;
			buildConfigurations = (
				80AF4D08305AF270008EAD01 /* Debug */,
				80AF4D09305AF270008EAD01 /* Release */,
			);
			defaultConfigurationIsVisible = 0;
			defaultConfigurationName = Release;
		};
		80AF4D0C305AF270008EAD01 /* Build configuration list for PBXNativeTarget "New-Things-TrackerTests" */ = {
			isa = XCConfigurationList;
			buildConfigurations = (
				80AF4D0D305AF270008EAD01 /* Debug */,
				80AF4D0E305AF270008EAD01 /* Release */,
			);
			defaultConfigurationIsVisible = 0;
			defaultConfigurationName = Release;
		};
		80AF4D0F305AF270008EAD01 /* Build configuration list for PBXNativeTarget "New-Things-TrackerUITests" */ = {
			isa = XCConfigurationList;
			buildConfigurations = (
				80AF4D10305AF270008EAD01 /* Debug */,
				80AF4D11305AF270008EAD01 /* Release */,
			);
			defaultConfigurationIsVisible = 0;
			defaultConfigurationName = Release;
		};
/* End XCConfigurationList section */
	};
	rootObject = 80AF4CD6305AF26F008EAD01 /* Project object */;
}
